packages:
  - package: dbt-labs/dbt_utils
    version: 1.3.0
  - git: https://github.com/fivetran/dbt_github.git
    revision: 7b41b31ce8be31086fa9e50a6685fe27e2d0c6b3
  - package: fivetran/github_source
    version: 0.8.0
  - package: fivetran/fivetran_utils
    version: 0.4.10
  - package: dbt-labs/spark_utils
    version: 0.3.0
sha1_hash: d7ea28472584411baabb94155ef3456cf50d969d
